
Microsoft Visual Studio Solution File, Format Version 12.00
# Visual Studio Express 2013 for Windows Desktop
VisualStudioVersion = 12.0.30723.0
MinimumVisualStudioVersion = 10.0.40219.1
Project("{FAE04EC0-301F-11D3-BF4B-00C04F79EFBC}") = "GX102_02", "GX102_02\GX102_02.csproj", "{D49F88F6-1124-42CB-A675-EFA72F4C030E}"
EndProject
Global
	GlobalSection(SolutionConfigurationPlatforms) = preSolution
		Debug|Any CPU = Debug|Any CPU
		Release|Any CPU = Release|Any CPU
	EndGlobalSection
	GlobalSection(ProjectConfigurationPlatforms) = postSolution
		{D49F88F6-1124-42CB-A675-EFA72F4C030E}.Debug|Any CPU.ActiveCfg = Debug|Any CPU
		{D49F88F6-1124-42CB-A675-EFA72F4C030E}.Debug|Any CPU.Build.0 = Debug|Any CPU
		{D49F88F6-1124-42CB-A675-EFA72F4C030E}.Release|Any CPU.ActiveCfg = Release|Any CPU
		{D49F88F6-1124-42CB-A675-EFA72F4C030E}.Release|Any CPU.Build.0 = Release|Any CPU
	EndGlobalSection
	GlobalSection(SolutionProperties) = preSolution
		HideSolutionNode = FALSE
	EndGlobalSection
EndGlobal
